
Microsoft Visual Studio Solution File, Format Version 12.00
# Visual Studio Version 17
VisualStudioVersion = 17.5.33502.453
MinimumVisualStudioVersion = 10.0.40219.1
Project("{FAE04EC0-301F-11D3-BF4B-00C04F79EFBC}") = "PracticaScrumClaro", "PracticaScrumClaro\PracticaScrumClaro.csproj", "{B30E1A9C-5DF8-4835-B81C-812D3CFE4B69}"
EndProject
Project("{FAE04EC0-301F-11D3-BF4B-00C04F79EFBC}") = "PracticaScrumClaro.Test", "PracticaScrumClaro.Test\PracticaScrumClaro.Test.csproj", "{8FEC40D8-227E-47FD-8EFB-9829021C23E3}"
EndProject
Project("{FAE04EC0-301F-11D3-BF4B-00C04F79EFBC}") = "Logic", "Logic\Logic.csproj", "{221E42F9-8874-4633-ACD1-258866C0A2F3}"
EndProject
Global
	GlobalSection(SolutionConfigurationPlatforms) = preSolution
		Debug|Any CPU = Debug|Any CPU
		Release|Any CPU = Release|Any CPU
	EndGlobalSection
	GlobalSection(ProjectConfigurationPlatforms) = postSolution
		{B30E1A9C-5DF8-4835-B81C-812D3CFE4B69}.Debug|Any CPU.ActiveCfg = Debug|Any CPU
		{B30E1A9C-5DF8-4835-B81C-812D3CFE4B69}.Debug|Any CPU.Build.0 = Debug|Any CPU
		{B30E1A9C-5DF8-4835-B81C-812D3CFE4B69}.Release|Any CPU.ActiveCfg = Release|Any CPU
		{B30E1A9C-5DF8-4835-B81C-812D3CFE4B69}.Release|Any CPU.Build.0 = Release|Any CPU
		{8FEC40D8-227E-47FD-8EFB-9829021C23E3}.Debug|Any CPU.ActiveCfg = Debug|Any CPU
		{8FEC40D8-227E-47FD-8EFB-9829021C23E3}.Debug|Any CPU.Build.0 = Debug|Any CPU
		{8FEC40D8-227E-47FD-8EFB-9829021C23E3}.Release|Any CPU.ActiveCfg = Release|Any CPU
		{8FEC40D8-227E-47FD-8EFB-9829021C23E3}.Release|Any CPU.Build.0 = Release|Any CPU
		{221E42F9-8874-4633-ACD1-258866C0A2F3}.Debug|Any CPU.ActiveCfg = Debug|Any CPU
		{221E42F9-8874-4633-ACD1-258866C0A2F3}.Debug|Any CPU.Build.0 = Debug|Any CPU
		{221E42F9-8874-4633-ACD1-258866C0A2F3}.Release|Any CPU.ActiveCfg = Release|Any CPU
		{221E42F9-8874-4633-ACD1-258866C0A2F3}.Release|Any CPU.Build.0 = Release|Any CPU
	EndGlobalSection
	GlobalSection(SolutionProperties) = preSolution
		HideSolutionNode = FALSE
	EndGlobalSection
	GlobalSection(ExtensibilityGlobals) = postSolution
		SolutionGuid = {89207B1F-D5DE-49B3-BBF9-114B88F2DE4F}
	EndGlobalSection
EndGlobal
